
Microsoft Visual Studio Solution File, Format Version 12.00
# Visual Studio Version 17
VisualStudioVersion = 17.7.34031.279
MinimumVisualStudioVersion = 10.0.40219.1
Project("{FAE04EC0-301F-11D3-BF4B-00C04F79EFBC}") = "If_statements", "If_statements.csproj", "{6DA01570-76FB-42DF-9E8E-E97048FF7FC7}"
EndProject
Global
	GlobalSection(SolutionConfigurationPlatforms) = preSolution
		Debug|Any CPU = Debug|Any CPU
		Release|Any CPU = Release|Any CPU
	EndGlobalSection
	GlobalSection(ProjectConfigurationPlatforms) = postSolution
		{6DA01570-76FB-42DF-9E8E-E97048FF7FC7}.Debug|Any CPU.ActiveCfg = Debug|Any CPU
		{6DA01570-76FB-42DF-9E8E-E97048FF7FC7}.Debug|Any CPU.Build.0 = Debug|Any CPU
		{6DA01570-76FB-42DF-9E8E-E97048FF7FC7}.Release|Any CPU.ActiveCfg = Release|Any CPU
		{6DA01570-76FB-42DF-9E8E-E97048FF7FC7}.Release|Any CPU.Build.0 = Release|Any CPU
	EndGlobalSection
	GlobalSection(SolutionProperties) = preSolution
		HideSolutionNode = FALSE
	EndGlobalSection
	GlobalSection(ExtensibilityGlobals) = postSolution
		SolutionGuid = {24671D36-EACE-42F5-8B70-78AD0BA42B15}
	EndGlobalSection
EndGlobal
